
Microsoft Visual Studio Solution File, Format Version 12.00
# Visual Studio Version 17
VisualStudioVersion = 17.14.36429.23 d17.14
MinimumVisualStudioVersion = 10.0.40219.1
Project("{8BC9CEB8-8B4A-11D0-8D11-00A0C91BC942}") = "campusmap", "campusmap\campusmap.vcxproj", "{624A630F-D6B3-8D41-A3EF-AA094D718A9C}"
EndProject
Global
	GlobalSection(SolutionConfigurationPlatforms) = preSolution
		Debug|x64 = Debug|x64
		Debug|x86 = Debug|x86
		Release|x64 = Release|x64
		Release|x86 = Release|x86
	EndGlobalSection
	GlobalSection(ProjectConfigurationPlatforms) = postSolution
		{624A630F-D6B3-8D41-A3EF-AA094D718A9C}.Debug|x64.ActiveCfg = Debug|x64
		{624A630F-D6B3-8D41-A3EF-AA094D718A9C}.Debug|x64.Build.0 = Debug|x64
		{624A630F-D6B3-8D41-A3EF-AA094D718A9C}.Debug|x86.ActiveCfg = Debug|Win32
		{624A630F-D6B3-8D41-A3EF-AA094D718A9C}.Debug|x86.Build.0 = Debug|Win32
		{624A630F-D6B3-8D41-A3EF-AA094D718A9C}.Release|x64.ActiveCfg = Release|x64
		{624A630F-D6B3-8D41-A3EF-AA094D718A9C}.Release|x64.Build.0 = Release|x64
		{624A630F-D6B3-8D41-A3EF-AA094D718A9C}.Release|x86.ActiveCfg = Release|Win32
		{624A630F-D6B3-8D41-A3EF-AA094D718A9C}.Release|x86.Build.0 = Release|Win32
	EndGlobalSection
	GlobalSection(SolutionProperties) = preSolution
		HideSolutionNode = FALSE
	EndGlobalSection
	GlobalSection(ExtensibilityGlobals) = postSolution
		SolutionGuid = {C050508E-EF1B-4445-A11B-3D249AD2FF97}
	EndGlobalSection
EndGlobal
